
Microsoft Visual Studio Solution File, Format Version 12.00
# Visual Studio Version 17
VisualStudioVersion = 17.3.32901.215
MinimumVisualStudioVersion = 10.0.40219.1
Project("{FAE04EC0-301F-11D3-BF4B-00C04F79EFBC}") = "CADASTRO DE AUTOR", "CADASTRTO DE AUTOR\CADASTRO DE AUTOR.csproj", "{37B27F8E-6B5D-45EA-9109-3D71411E9BF0}"
EndProject
Global
	GlobalSection(SolutionConfigurationPlatforms) = preSolution
		Debug|Any CPU = Debug|Any CPU
		Release|Any CPU = Release|Any CPU
	EndGlobalSection
	GlobalSection(ProjectConfigurationPlatforms) = postSolution
		{37B27F8E-6B5D-45EA-9109-3D71411E9BF0}.Debug|Any CPU.ActiveCfg = Debug|Any CPU
		{37B27F8E-6B5D-45EA-9109-3D71411E9BF0}.Debug|Any CPU.Build.0 = Debug|Any CPU
		{37B27F8E-6B5D-45EA-9109-3D71411E9BF0}.Release|Any CPU.ActiveCfg = Release|Any CPU
		{37B27F8E-6B5D-45EA-9109-3D71411E9BF0}.Release|Any CPU.Build.0 = Release|Any CPU
	EndGlobalSection
	GlobalSection(SolutionProperties) = preSolution
		HideSolutionNode = FALSE
	EndGlobalSection
	GlobalSection(ExtensibilityGlobals) = postSolution
		SolutionGuid = {E5813EAB-2B12-4727-AAFA-FD369EFDBA4B}
	EndGlobalSection
EndGlobal
